<?xml version="1.0" encoding="utf-8"?>
<Project ToolsVersion="4.0" xmlns="http://schemas.microsoft.com/developer/msbuild/2003">
  <ItemGroup>
    <ClCompile Include="main.cpp" />
    <ClCompile Include="WindowManager.cpp">
      <Filter>Creational\Singleton</Filter>
    </ClCompile>
    <ClCompile Include="BlackCoffee.cpp">
      <Filter>Structural\Decorator</Filter>
    </ClCompile>
    <ClCompile Include="CoffeeDecorator.cpp">
      <Filter>Structural\Decorator</Filter>
    </ClCompile>
    <ClCompile Include="WithMilk.cpp">
      <Filter>Structural\Decorator</Filter>
    </ClCompile>
    <ClCompile Include="Peasant.cpp">
      <Filter>Creational\FactoryMethod</Filter>
    </ClCompile>
    <ClCompile Include="Townsman.cpp">
      <Filter>Creational\FactoryMethod</Filter>
    </ClCompile>
    <ClCompile Include="PeopleFactory.cpp">
      <Filter>Creational\FactoryMethod</Filter>
    </ClCompile>
    <ClCompile Include="Barbie.cpp">
      <Filter>Creational\AbstractFactory</Filter>
    </ClCompile>
    <ClCompile Include="Car.cpp">
      <Filter>Creational\AbstractFactory</Filter>
    </ClCompile>
    <ClCompile Include="BarbieFactory.cpp">
      <Filter>Creational\AbstractFactory</Filter>
    </ClCompile>
    <ClCompile Include="CarFactory.cpp">
      <Filter>Creational\AbstractFactory</Filter>
    </ClCompile>
    <ClCompile Include="Package.cpp">
      <Filter>Creational\Prototype</Filter>
    </ClCompile>
    <ClCompile Include="Rim.cpp">
      <Filter>Creational\Builder</Filter>
    </ClCompile>
    <ClCompile Include="Tire.cpp">
      <Filter>Creational\Builder</Filter>
    </ClCompile>
    <ClCompile Include="Wheel.cpp">
      <Filter>Creational\Builder</Filter>
    </ClCompile>
    <ClCompile Include="IWheelBuilder.cpp">
      <Filter>Creational\Builder</Filter>
    </ClCompile>
    <ClCompile Include="SportsWheelBuilder.cpp">
      <Filter>Creational\Builder</Filter>
    </ClCompile>
    <ClCompile Include="ATVWheelBuilder.cpp">
      <Filter>Creational\Builder</Filter>
    </ClCompile>
    <ClCompile Include="Archer.cpp">
      <Filter>Structural\Composite</Filter>
    </ClCompile>
    <ClCompile Include="Swordsman.cpp">
      <Filter>Structural\Composite</Filter>
    </ClCompile>
    <ClCompile Include="Army.cpp">
      <Filter>Structural\Composite</Filter>
    </ClCompile>
    <ClCompile Include="JPGImage.cpp">
      <Filter>Structural\Proxy</Filter>
    </ClCompile>
    <ClCompile Include="JPGImageProxy.cpp">
      <Filter>Structural\Proxy</Filter>
    </ClCompile>
  </ItemGroup>
  <ItemGroup>
    <Filter Include="Structural">
      <UniqueIdentifier>{25c6e7a1-2ce1-4e6d-b868-c8d9bacd56b7}</UniqueIdentifier>
    </Filter>
    <Filter Include="Behavioral">
      <UniqueIdentifier>{a8530e2d-3037-4d2c-9e1b-958daa8f00ac}</UniqueIdentifier>
    </Filter>
    <Filter Include="Creational">
      <UniqueIdentifier>{52ee71ec-6445-4b1a-98cd-7e6c98b54338}</UniqueIdentifier>
    </Filter>
    <Filter Include="Creational\Singleton">
      <UniqueIdentifier>{caeaceb5-2c51-4671-ab13-c3adb7001960}</UniqueIdentifier>
    </Filter>
    <Filter Include="Structural\Decorator">
      <UniqueIdentifier>{091e7244-6cd9-4cb6-b5e0-18aaaf2cd4ab}</UniqueIdentifier>
    </Filter>
    <Filter Include="Structural\Decorator\Header Files">
      <UniqueIdentifier>{a2776eda-e993-4c88-8b8d-5d28850462d3}</UniqueIdentifier>
    </Filter>
    <Filter Include="Creational\FactoryMethod">
      <UniqueIdentifier>{90ec3128-52ae-42ef-8aa9-a1260a30e4cb}</UniqueIdentifier>
    </Filter>
    <Filter Include="Creational\FactoryMethod\Header Files">
      <UniqueIdentifier>{1192e46e-411a-419f-969e-89449903ccda}</UniqueIdentifier>
    </Filter>
    <Filter Include="Creational\AbstractFactory">
      <UniqueIdentifier>{881490c5-ba5a-440c-85ef-c4b28098849b}</UniqueIdentifier>
    </Filter>
    <Filter Include="Creational\AbstractFactory\Header Files">
      <UniqueIdentifier>{8b9aebe8-118f-4bed-b8c5-fc59a612135c}</UniqueIdentifier>
    </Filter>
    <Filter Include="Creational\Prototype">
      <UniqueIdentifier>{c80cb7a8-70b0-4c6b-92dc-47197e4a3a0d}</UniqueIdentifier>
    </Filter>
    <Filter Include="Creational\Prototype\Header Files">
      <UniqueIdentifier>{b9cf0a8f-b886-41ac-b557-63a6aeef8f81}</UniqueIdentifier>
    </Filter>
    <Filter Include="Creational\Builder">
      <UniqueIdentifier>{4e231718-8bc7-46b0-9bc6-5084693044fa}</UniqueIdentifier>
    </Filter>
    <Filter Include="Creational\Builder\Header Files">
      <UniqueIdentifier>{de904a02-aa6c-4028-be47-2109e673dbe7}</UniqueIdentifier>
    </Filter>
    <Filter Include="Structural\Composite">
      <UniqueIdentifier>{6834c03b-a73a-4ab5-a827-1489897999e9}</UniqueIdentifier>
    </Filter>
    <Filter Include="Structural\Composite\Header Files">
      <UniqueIdentifier>{0bc8a499-d452-4f87-aa96-51debe750b0e}</UniqueIdentifier>
    </Filter>
    <Filter Include="Structural\Proxy">
      <UniqueIdentifier>{26fc432b-440e-4a35-a681-a59381b747aa}</UniqueIdentifier>
    </Filter>
    <Filter Include="Structural\Proxy\Header Files">
      <UniqueIdentifier>{6bece8ef-1842-4aa6-9196-b6bac9fd756f}</UniqueIdentifier>
    </Filter>
  </ItemGroup>
  <ItemGroup>
    <ClInclude Include="WindowManager.h">
      <Filter>Creational\Singleton</Filter>
    </ClInclude>
    <ClInclude Include="ICoffee.h">
      <Filter>Structural\Decorator\Header Files</Filter>
    </ClInclude>
    <ClInclude Include="CoffeeDecorator.h">
      <Filter>Structural\Decorator\Header Files</Filter>
    </ClInclude>
    <ClInclude Include="BlackCoffee.h">
      <Filter>Structural\Decorator\Header Files</Filter>
    </ClInclude>
    <ClInclude Include="WithMilk.h">
      <Filter>Structural\Decorator\Header Files</Filter>
    </ClInclude>
    <ClInclude Include="IPerson.h">
      <Filter>Creational\FactoryMethod\Header Files</Filter>
    </ClInclude>
    <ClInclude Include="Peasant.h">
      <Filter>Creational\FactoryMethod\Header Files</Filter>
    </ClInclude>
    <ClInclude Include="Townsman.h">
      <Filter>Creational\FactoryMethod\Header Files</Filter>
    </ClInclude>
    <ClInclude Include="PersonType.h">
      <Filter>Creational\FactoryMethod\Header Files</Filter>
    </ClInclude>
    <ClInclude Include="PeopleFactory.h">
      <Filter>Creational\FactoryMethod\Header Files</Filter>
    </ClInclude>
    <ClInclude Include="IToyFactory.h">
      <Filter>Creational\AbstractFactory\Header Files</Filter>
    </ClInclude>
    <ClInclude Include="BarbieFactory.h">
      <Filter>Creational\AbstractFactory\Header Files</Filter>
    </ClInclude>
    <ClInclude Include="CarFactory.h">
      <Filter>Creational\AbstractFactory\Header Files</Filter>
    </ClInclude>
    <ClInclude Include="Barbie.h">
      <Filter>Creational\AbstractFactory\Header Files</Filter>
    </ClInclude>
    <ClInclude Include="Car.h">
      <Filter>Creational\AbstractFactory\Header Files</Filter>
    </ClInclude>
    <ClInclude Include="IToy.h">
      <Filter>Creational\AbstractFactory\Header Files</Filter>
    </ClInclude>
    <ClInclude Include="Package.h">
      <Filter>Creational\Prototype\Header Files</Filter>
    </ClInclude>
    <ClInclude Include="IItem.h">
      <Filter>Creational\Prototype\Header Files</Filter>
    </ClInclude>
    <ClInclude Include="Rim.h">
      <Filter>Creational\Builder\Header Files</Filter>
    </ClInclude>
    <ClInclude Include="Tire.h">
      <Filter>Creational\Builder\Header Files</Filter>
    </ClInclude>
    <ClInclude Include="Wheel.h">
      <Filter>Creational\Builder\Header Files</Filter>
    </ClInclude>
    <ClInclude Include="IWheelBuilder.h">
      <Filter>Creational\Builder\Header Files</Filter>
    </ClInclude>
    <ClInclude Include="SportsWheelBuilder.h">
      <Filter>Creational\Builder\Header Files</Filter>
    </ClInclude>
    <ClInclude Include="ATVWheelBuilder.h">
      <Filter>Creational\Builder\Header Files</Filter>
    </ClInclude>
    <ClInclude Include="Swordsman.h">
      <Filter>Structural\Composite\Header Files</Filter>
    </ClInclude>
    <ClInclude Include="Archer.h">
      <Filter>Structural\Composite\Header Files</Filter>
    </ClInclude>
    <ClInclude Include="Army.h">
      <Filter>Structural\Composite\Header Files</Filter>
    </ClInclude>
    <ClInclude Include="IWarrior.h">
      <Filter>Structural\Composite\Header Files</Filter>
    </ClInclude>
    <ClInclude Include="JPGImage.h">
      <Filter>Structural\Proxy\Header Files</Filter>
    </ClInclude>
    <ClInclude Include="IImage.h">
      <Filter>Structural\Proxy\Header Files</Filter>
    </ClInclude>
    <ClInclude Include="JPGImageProxy.h">
      <Filter>Structural\Proxy\Header Files</Filter>
    </ClInclude>
  </ItemGroup>
</Project>